# THIS IS AN AUTOGENERATED FILE. DO NOT EDIT THIS FILE DIRECTLY.
# yarn lockfile v1


"@babel/runtime@^7.17.2":
  version "7.17.8"
  resolved "https://registry.yarnpkg.com/@babel/runtime/-/runtime-7.17.8.tgz#3e56e4aff81befa55ac3ac6a0967349fd1c5bca2"
  integrity sha512-dQpEpK0O9o6lj6oPu0gRDbbnk+4LeHlNcBpspf6Olzt3GIX4P1lWF1gS+pHLDFlaJvbR6q7jCfQ08zA4QJBnmA==
  dependencies:
    regenerator-runtime "^0.13.4"

"@babel/runtime@^7.9.2":
  version "7.15.4"
  resolved "https://registry.yarnpkg.com/@babel/runtime/-/runtime-7.15.4.tgz#fd17d16bfdf878e6dd02d19753a39fa8a8d9c84a"
  integrity sha512-99catp6bHCaxr4sJ/DbTGgHS4+Rs2RVd2g7iOap6SLGPDknRK9ztKNsE/Fg6QhSeh1FGE5f6gHGQmvvn3I3xhw==
  dependencies:
    regenerator-runtime "^0.13.4"

"@csstools/convert-colors@^1.4.0":
  version "1.4.0"
  resolved "https://registry.yarnpkg.com/@csstools/convert-colors/-/convert-colors-1.4.0.tgz#ad495dc41b12e75d588c6db8b9834f08fa131eb7"
  integrity sha512-5a6wqoJV/xEdbRNKVo6I4hO3VjyDq//8q2f9I6PBAvMesJHFauXDorcNCsr9RzvsZnaWi5NYCcfyqP1QeFHFbw==

"@fortawesome/fontawesome-free@^6.1.1":
  version "6.1.1"
  resolved "https://registry.yarnpkg.com/@fortawesome/fontawesome-free/-/fontawesome-free-6.1.1.tgz#bf5d45611ab74890be386712a0e5d998c65ee2a1"
  integrity sha512-J/3yg2AIXc9wznaVqpHVX3Wa5jwKovVF0AMYSnbmcXTiL3PpRPfF58pzWucCwEiCJBp+hCNRLWClTomD8SseKg==

"@hotwired/stimulus@^3.0.1":
  version "3.0.1"
  resolved "https://registry.yarnpkg.com/@hotwired/stimulus/-/stimulus-3.0.1.tgz#141f15645acaa3b133b7c247cad58ae252ffae85"
  integrity sha512-oHsJhgY2cip+K2ED7vKUNd2P+BEswVhrCYcJ802DSsblJFv7mPFVk3cQKvm2vHgHeDVdnj7oOKrBbzp1u8D+KA==

"@hotwired/turbo@^7.1.0":
  version "7.1.0"
  resolved "https://registry.yarnpkg.com/@hotwired/turbo/-/turbo-7.1.0.tgz#27e44e0e3dc5bd1d4bda0766d579cf5a14091cd7"
  integrity sha512-Q8kGjqwPqER+CtpQudbH+3Zgs2X4zb6pBAlr6NsKTXadg45pAOvxI9i4QpuHbwSzR2+x87HUm+rot9F/Pe8rxA==

"@rails/actioncable@^7.0.3":
  version "7.0.3"
  resolved "https://registry.yarnpkg.com/@rails/actioncable/-/actioncable-7.0.3.tgz#71f08e958883af64f6a20489318b5e95d2c6dc5b"
  integrity sha512-Iefl21FZD+ck1di6xSHMYzSzRiNJTHV4NrAzCfDfqc/wPz4xncrP8f2/fJ+2jzwKIaDn76UVMsALh7R5OzsF8Q==

"@rails/activestorage@^7.0.3":
  version "7.0.3"
  resolved "https://registry.yarnpkg.com/@rails/activestorage/-/activestorage-7.0.3.tgz#516770d49f702bb2b746a826779465a513804003"
  integrity sha512-pdIoQUNcimjbSlhUgnRyFimVvsp/J9C1yTxV3P40oQrRU81f3uM9tT4IY/wMfe691Zj7tJBiqsbThUoPT88TAA==
  dependencies:
    spark-md5 "^3.0.1"

anymatch@~3.1.2:
  version "3.1.2"
  resolved "https://registry.yarnpkg.com/anymatch/-/anymatch-3.1.2.tgz#c0557c096af32f106198f4f4e2a383537e378716"
  integrity sha512-P43ePfOAIupkguHUycrc4qJ9kz8ZiuOUijaETwX7THt0Y/GNK7v0aa8rY816xWjZ7rJdA5XdMcpVFTKMq+RvWg==
  dependencies:
    normalize-path "^3.0.0"
    picomatch "^2.0.4"

autoprefixer@^9.6.1:
  version "9.8.8"
  resolved "https://registry.yarnpkg.com/autoprefixer/-/autoprefixer-9.8.8.tgz#fd4bd4595385fa6f06599de749a4d5f7a474957a"
  integrity sha512-eM9d/swFopRt5gdJ7jrpCwgvEMIayITpojhkkSMRsFHYuH5bkSQ4p/9qTEHtmNudUZh22Tehu7I6CxAW0IXTKA==
  dependencies:
    browserslist "^4.12.0"
    caniuse-lite "^1.0.30001109"
    normalize-range "^0.1.2"
    num2fraction "^1.2.2"
    picocolors "^0.2.1"
    postcss "^7.0.32"
    postcss-value-parser "^4.1.0"

balanced-match@^1.0.0:
  version "1.0.2"
  resolved "https://registry.yarnpkg.com/balanced-match/-/balanced-match-1.0.2.tgz#e83e3a7e3f300b34cb9d87f615fa0cbf357690ee"
  integrity sha512-3oSeUO0TMV67hN1AmbXsK4yaqU7tjiHlbxRDZOpH0KW9+CeX4bRAaX0Anxt0tx2MrpRpWwQaPwIlISEJhYU5Pw==

binary-extensions@^2.0.0:
  version "2.2.0"
  resolved "https://registry.yarnpkg.com/binary-extensions/-/binary-extensions-2.2.0.tgz#75f502eeaf9ffde42fc98829645be4ea76bd9e2d"
  integrity sha512-jDctJ/IVQbZoJykoeHbhXpOlNBqGNcwXJKJog42E5HDPUwQTSdjCHdihjj0DlnheQ7blbT6dHOafNAiS8ooQKA==

braces@~3.0.2:
  version "3.0.2"
  resolved "https://registry.yarnpkg.com/braces/-/braces-3.0.2.tgz#3454e1a462ee8d599e236df336cd9ea4f8afe107"
  integrity sha512-b8um+L1RzM3WDSzvhm6gIz1yfTbBt6YTlcEKAvsmqCZZFw46z626lVj9j1yEPW33H5H+lBQpZMP1k8l+78Ha0A==
  dependencies:
    fill-range "^7.0.1"

browserslist@^4.12.0, browserslist@^4.6.4:
  version "4.17.4"
  resolved "https://registry.yarnpkg.com/browserslist/-/browserslist-4.17.4.tgz#72e2508af2a403aec0a49847ef31bd823c57ead4"
  integrity sha512-Zg7RpbZpIJRW3am9Lyckue7PLytvVxxhJj1CaJVlCWENsGEAOlnlt8X0ZxGRPp7Bt9o8tIRM5SEXy4BCPMJjLQ==
  dependencies:
    caniuse-lite "^1.0.30001265"
    electron-to-chromium "^1.3.867"
    escalade "^3.1.1"
    node-releases "^2.0.0"
    picocolors "^1.0.0"

bulma@^0.9.4:
  version "0.9.4"
  resolved "https://registry.yarnpkg.com/bulma/-/bulma-0.9.4.tgz#0ca8aeb1847a34264768dba26a064c8be72674a1"
  integrity sha512-86FlT5+1GrsgKbPLRRY7cGDg8fsJiP/jzTqXXVqiUZZ2aZT8uemEOHlU1CDU+TxklPEZ11HZNNWclRBBecP4CQ==

caniuse-lite@^1.0.30000981, caniuse-lite@^1.0.30001109, caniuse-lite@^1.0.30001265:
  version "1.0.30001267"
  resolved "https://registry.yarnpkg.com/caniuse-lite/-/caniuse-lite-1.0.30001267.tgz#b1cf2937175afc0570e4615fc2d2f9069fa0ed30"
  integrity sha512-r1mjTzAuJ9W8cPBGbbus8E0SKcUP7gn03R14Wk8FlAlqhH9hroy9nLqmpuXlfKEw/oILW+FGz47ipXV2O7x8lg==

choices.js@^10.1.0:
  version "10.1.0"
  resolved "https://registry.yarnpkg.com/choices.js/-/choices.js-10.1.0.tgz#034a40b7aa82e2a38f19ff8fae5bbfa6047862f4"
  integrity sha512-NtrFt7c7ZQEGmkWsAV+EHynJhADWoZ82JEfg1+vQ9MMKJD4Ax2rzYPxXe+Q64i0HgUgWG/XTN3gN2pB8UFFFlA==
  dependencies:
    deepmerge "^4.2.2"
    fuse.js "^6.5.3"
    redux "^4.1.2"

choices.js@^9.0.1:
  version "9.0.1"
  resolved "https://registry.yarnpkg.com/choices.js/-/choices.js-9.0.1.tgz#745fb29af8670428fdc0bf1cc9dfaa404e9d0510"
  integrity sha512-JgpeDY0Tmg7tqY6jaW/druSklJSt7W68tXFJIw0GSGWmO37SDAL8o60eICNGbzIODjj02VNNtf5h6TgoHDtCsA==
  dependencies:
    deepmerge "^4.2.0"
    fuse.js "^3.4.5"
    redux "^4.0.4"

"chokidar@>=3.0.0 <4.0.0":
  version "3.5.2"
  resolved "https://registry.yarnpkg.com/chokidar/-/chokidar-3.5.2.tgz#dba3976fcadb016f66fd365021d91600d01c1e75"
  integrity sha512-ekGhOnNVPgT77r4K/U3GDhu+FQ2S8TnK/s2KbIGXi0SZWuwkZ2QNyfWdZW+TVfn84DpEP7rLeCt2UI6bJ8GwbQ==
  dependencies:
    anymatch "~3.1.2"
    braces "~3.0.2"
    glob-parent "~5.1.2"
    is-binary-path "~2.1.0"
    is-glob "~4.0.1"
    normalize-path "~3.0.0"
    readdirp "~3.6.0"
  optionalDependencies:
    fsevents "~2.3.2"

copy-text-to-clipboard@^3.0.1:
  version "3.0.1"
  resolved "https://registry.yarnpkg.com/copy-text-to-clipboard/-/copy-text-to-clipboard-3.0.1.tgz#8cbf8f90e0a47f12e4a24743736265d157bce69c"
  integrity sha512-rvVsHrpFcL4F2P8ihsoLdFHmd404+CMg71S756oRSeQgqk51U3kicGdnvfkrxva0xXH92SjGS62B0XIJsbh+9Q==

core-js@^3.11.0:
  version "3.21.1"
  resolved "https://registry.yarnpkg.com/core-js/-/core-js-3.21.1.tgz#f2e0ddc1fc43da6f904706e8e955bc19d06a0d94"
  integrity sha512-FRq5b/VMrWlrmCzwRrpDYNxyHP9BcAZC+xHJaqTgIE5091ZV1NTmyh0sGOg5XqpnHvR0svdy0sv1gWA1zmhxig==

css-blank-pseudo@^0.1.4:
  version "0.1.4"
  resolved "https://registry.yarnpkg.com/css-blank-pseudo/-/css-blank-pseudo-0.1.4.tgz#dfdefd3254bf8a82027993674ccf35483bfcb3c5"
  integrity sha512-LHz35Hr83dnFeipc7oqFDmsjHdljj3TQtxGGiNWSOsTLIAubSm4TEz8qCaKFpk7idaQ1GfWscF4E6mgpBysA1w==
  dependencies:
    postcss "^7.0.5"

css-has-pseudo@^0.10.0:
  version "0.10.0"
  resolved "https://registry.yarnpkg.com/css-has-pseudo/-/css-has-pseudo-0.10.0.tgz#3c642ab34ca242c59c41a125df9105841f6966ee"
  integrity sha512-Z8hnfsZu4o/kt+AuFzeGpLVhFOGO9mluyHBaA2bA8aCGTwah5sT3WV/fTHH8UNZUytOIImuGPrl/prlb4oX4qQ==
  dependencies:
    postcss "^7.0.6"
    postcss-selector-parser "^5.0.0-rc.4"

css-prefers-color-scheme@^3.1.1:
  version "3.1.1"
  resolved "https://registry.yarnpkg.com/css-prefers-color-scheme/-/css-prefers-color-scheme-3.1.1.tgz#6f830a2714199d4f0d0d0bb8a27916ed65cff1f4"
  integrity sha512-MTu6+tMs9S3EUqzmqLXEcgNRbNkkD/TGFvowpeoWJn5Vfq7FMgsmRQs9X5NXAURiOBmOxm/lLjsDNXDE6k9bhg==
  dependencies:
    postcss "^7.0.5"

cssdb@^4.4.0:
  version "4.4.0"
  resolved "https://registry.yarnpkg.com/cssdb/-/cssdb-4.4.0.tgz#3bf2f2a68c10f5c6a08abd92378331ee803cddb0"
  integrity sha512-LsTAR1JPEM9TpGhl/0p3nQecC2LJ0kD8X5YARu1hk/9I1gril5vDtMZyNxcEpxxDj34YNck/ucjuoUd66K03oQ==

cssesc@^2.0.0:
  version "2.0.0"
  resolved "https://registry.yarnpkg.com/cssesc/-/cssesc-2.0.0.tgz#3b13bd1bb1cb36e1bcb5a4dcd27f54c5dcb35703"
  integrity sha512-MsCAG1z9lPdoO/IUMLSBWBSVxVtJ1395VGIQ+Fc2gNdkQ1hNDnQdw3YhA71WJCBW1vdwA0cAnk/DnW6bqoEUYg==

cssesc@^3.0.0:
  version "3.0.0"
  resolved "https://registry.yarnpkg.com/cssesc/-/cssesc-3.0.0.tgz#37741919903b868565e1c09ea747445cd18983ee"
  integrity sha512-/Tb/JcjK111nNScGob5MNtsntNM1aCNUDipB/TkwZFhyDrrE47SOx/18wF2bbjgc3ZzCSKW1T5nt5EbFoAz/Vg==

deepmerge@^4.2.0, deepmerge@^4.2.2:
  version "4.2.2"
  resolved "https://registry.yarnpkg.com/deepmerge/-/deepmerge-4.2.2.tgz#44d2ea3679b8f4d4ffba33f03d865fc1e7bf4955"
  integrity sha512-FJ3UgI4gIl+PHZm53knsuSFpE+nESMr7M4v9QcgB7S63Kj/6WqMiFQJpBBYz1Pt+66bZpP3Q7Lye0Oo9MPKEdg==

electron-to-chromium@^1.3.867:
  version "1.3.870"
  resolved "https://registry.yarnpkg.com/electron-to-chromium/-/electron-to-chromium-1.3.870.tgz#c15c921e66a46985181b261f8093b91c2abb6604"
  integrity sha512-PiJMshfq6PL+i1V+nKLwhHbCKeD8eAz8rvO9Cwk/7cChOHJBtufmjajLyYLsSRHguRFiOCVx3XzJLeZsIAYfSA==

esbuild-android-64@0.14.29:
  version "0.14.29"
  resolved "https://registry.yarnpkg.com/esbuild-android-64/-/esbuild-android-64-0.14.29.tgz#c0960c84c9b832bade20831515e89d32549d4769"
  integrity sha512-tJuaN33SVZyiHxRaVTo1pwW+rn3qetJX/SRuc/83rrKYtyZG0XfsQ1ao1nEudIt9w37ZSNXR236xEfm2C43sbw==

esbuild-android-arm64@0.14.29:
  version "0.14.29"
  resolved "https://registry.yarnpkg.com/esbuild-android-arm64/-/esbuild-android-arm64-0.14.29.tgz#8eceb3abe5abde5489d6a5cbe6a7c1044f71115f"
  integrity sha512-D74dCv6yYnMTlofVy1JKiLM5JdVSQd60/rQfJSDP9qvRAI0laPXIG/IXY1RG6jobmFMUfL38PbFnCqyI/6fPXg==

esbuild-darwin-64@0.14.29:
  version "0.14.29"
  resolved "https://registry.yarnpkg.com/esbuild-darwin-64/-/esbuild-darwin-64-0.14.29.tgz#26f3f14102310ecb8f2d9351c5b7a47a60d2cc8a"
  integrity sha512-+CJaRvfTkzs9t+CjGa0Oa28WoXa7EeLutQhxus+fFcu0MHhsBhlmeWHac3Cc/Sf/xPi1b2ccDFfzGYJCfV0RrA==

esbuild-darwin-arm64@0.14.29:
  version "0.14.29"
  resolved "https://registry.yarnpkg.com/esbuild-darwin-arm64/-/esbuild-darwin-arm64-0.14.29.tgz#6d2d89dfd937992649239711ed5b86e51b13bd89"
  integrity sha512-5Wgz/+zK+8X2ZW7vIbwoZ613Vfr4A8HmIs1XdzRmdC1kG0n5EG5fvKk/jUxhNlrYPx1gSY7XadQ3l4xAManPSw==

esbuild-freebsd-64@0.14.29:
  version "0.14.29"
  resolved "https://registry.yarnpkg.com/esbuild-freebsd-64/-/esbuild-freebsd-64-0.14.29.tgz#2cb41a0765d0040f0838280a213c81bbe62d6394"
  integrity sha512-VTfS7Bm9QA12JK1YXF8+WyYOfvD7WMpbArtDj6bGJ5Sy5xp01c/q70Arkn596aGcGj0TvQRplaaCIrfBG1Wdtg==

esbuild-freebsd-arm64@0.14.29:
  version "0.14.29"
  resolved "https://registry.yarnpkg.com/esbuild-freebsd-arm64/-/esbuild-freebsd-arm64-0.14.29.tgz#e1b79fbb63eaeff324cf05519efa7ff12ce4586a"
  integrity sha512-WP5L4ejwLWWvd3Fo2J5mlXvG3zQHaw5N1KxFGnUc4+2ZFZknP0ST63i0IQhpJLgEJwnQpXv2uZlU1iWZjFqEIg==

esbuild-linux-32@0.14.29:
  version "0.14.29"
  resolved "https://registry.yarnpkg.com/esbuild-linux-32/-/esbuild-linux-32-0.14.29.tgz#a4a5a0b165b15081bc3227986e10dd4943edb7d6"
  integrity sha512-4myeOvFmQBWdI2U1dEBe2DCSpaZyjdQtmjUY11Zu2eQg4ynqLb8Y5mNjNU9UN063aVsCYYfbs8jbken/PjyidA==

esbuild-linux-64@0.14.29:
  version "0.14.29"
  resolved "https://registry.yarnpkg.com/esbuild-linux-64/-/esbuild-linux-64-0.14.29.tgz#4c450088c84f8bfd22c51d116f59416864b85481"
  integrity sha512-iaEuLhssReAKE7HMwxwFJFn7D/EXEs43fFy5CJeA4DGmU6JHh0qVJD2p/UP46DvUXLRKXsXw0i+kv5TdJ1w5pg==

esbuild-linux-arm64@0.14.29:
  version "0.14.29"
  resolved "https://registry.yarnpkg.com/esbuild-linux-arm64/-/esbuild-linux-arm64-0.14.29.tgz#d1a23993b26cb1f63f740329b2fc09218e498bd1"
  integrity sha512-KYf7s8wDfUy+kjKymW3twyGT14OABjGHRkm9gPJ0z4BuvqljfOOUbq9qT3JYFnZJHOgkr29atT//hcdD0Pi7Mw==

esbuild-linux-arm@0.14.29:
  version "0.14.29"
  resolved "https://registry.yarnpkg.com/esbuild-linux-arm/-/esbuild-linux-arm-0.14.29.tgz#a7e2fea558525eab812b1fe27d7a2659cd1bb723"
  integrity sha512-OXa9D9QL1hwrAnYYAHt/cXAuSCmoSqYfTW/0CEY0LgJNyTxJKtqc5mlwjAZAvgyjmha0auS/sQ0bXfGf2wAokQ==

esbuild-linux-mips64le@0.14.29:
  version "0.14.29"
  resolved "https://registry.yarnpkg.com/esbuild-linux-mips64le/-/esbuild-linux-mips64le-0.14.29.tgz#e708c527f0785574e400828cdbed3d9b17b5ddff"
  integrity sha512-05jPtWQMsZ1aMGfHOvnR5KrTvigPbU35BtuItSSWLI2sJu5VrM8Pr9Owym4wPvA4153DFcOJ1EPN/2ujcDt54g==

esbuild-linux-ppc64le@0.14.29:
  version "0.14.29"
  resolved "https://registry.yarnpkg.com/esbuild-linux-ppc64le/-/esbuild-linux-ppc64le-0.14.29.tgz#0137d1b38beae36a57176ef45e90740e734df502"
  integrity sha512-FYhBqn4Ir9xG+f6B5VIQVbRuM4S6qwy29dDNYFPoxLRnwTEKToIYIUESN1qHyUmIbfO0YB4phG2JDV2JDN9Kgw==

esbuild-linux-riscv64@0.14.29:
  version "0.14.29"
  resolved "https://registry.yarnpkg.com/esbuild-linux-riscv64/-/esbuild-linux-riscv64-0.14.29.tgz#a2f73235347a58029dcacf0fb91c9eb8bebc8abb"
  integrity sha512-eqZMqPehkb4nZcffnuOpXJQdGURGd6GXQ4ZsDHSWyIUaA+V4FpMBe+5zMPtXRD2N4BtyzVvnBko6K8IWWr36ew==

esbuild-linux-s390x@0.14.29:
  version "0.14.29"
  resolved "https://registry.yarnpkg.com/esbuild-linux-s390x/-/esbuild-linux-s390x-0.14.29.tgz#0f7310ff1daec463ead9b9e26b7aa083a9f9f1ee"
  integrity sha512-o7EYajF1rC/4ho7kpSG3gENVx0o2SsHm7cJ5fvewWB/TEczWU7teDgusGSujxCYcMottE3zqa423VTglNTYhjg==

esbuild-netbsd-64@0.14.29:
  version "0.14.29"
  resolved "https://registry.yarnpkg.com/esbuild-netbsd-64/-/esbuild-netbsd-64-0.14.29.tgz#ba9a0d9cb8aed73b684825126927f75d4fe44ff9"
  integrity sha512-/esN6tb6OBSot6+JxgeOZeBk6P8V/WdR3GKBFeFpSqhgw4wx7xWUqPrdx4XNpBVO7X4Ipw9SAqgBrWHlXfddww==

esbuild-openbsd-64@0.14.29:
  version "0.14.29"
  resolved "https://registry.yarnpkg.com/esbuild-openbsd-64/-/esbuild-openbsd-64-0.14.29.tgz#36dbe2c32d899106791b5f3af73f359213f71b8a"
  integrity sha512-jUTdDzhEKrD0pLpjmk0UxwlfNJNg/D50vdwhrVcW/D26Vg0hVbthMfb19PJMatzclbK7cmgk1Nu0eNS+abzoHw==

esbuild-sunos-64@0.14.29:
  version "0.14.29"
  resolved "https://registry.yarnpkg.com/esbuild-sunos-64/-/esbuild-sunos-64-0.14.29.tgz#e5f857c121441ec63bf9b399a2131409a7d344e5"
  integrity sha512-EfhQN/XO+TBHTbkxwsxwA7EfiTHFe+MNDfxcf0nj97moCppD9JHPq48MLtOaDcuvrTYOcrMdJVeqmmeQ7doTcg==

esbuild-windows-32@0.14.29:
  version "0.14.29"
  resolved "https://registry.yarnpkg.com/esbuild-windows-32/-/esbuild-windows-32-0.14.29.tgz#9c2f1ab071a828f3901d1d79d205982a74bdda6e"
  integrity sha512-uoyb0YAJ6uWH4PYuYjfGNjvgLlb5t6b3zIaGmpWPOjgpr1Nb3SJtQiK4YCPGhONgfg2v6DcJgSbOteuKXhwqAw==

esbuild-windows-64@0.14.29:
  version "0.14.29"
  resolved "https://registry.yarnpkg.com/esbuild-windows-64/-/esbuild-windows-64-0.14.29.tgz#85fbce7c2492521896451b98d649a7db93e52667"
  integrity sha512-X9cW/Wl95QjsH8WUyr3NqbmfdU72jCp71cH3pwPvI4CgBM2IeOUDdbt6oIGljPu2bf5eGDIo8K3Y3vvXCCTd8A==

esbuild-windows-arm64@0.14.29:
  version "0.14.29"
  resolved "https://registry.yarnpkg.com/esbuild-windows-arm64/-/esbuild-windows-arm64-0.14.29.tgz#0aa7a9a1bc43a63350bcf574d94b639176f065b5"
  integrity sha512-+O/PI+68fbUZPpl3eXhqGHTGK7DjLcexNnyJqtLZXOFwoAjaXlS5UBCvVcR3o2va+AqZTj8o6URaz8D2K+yfQQ==

esbuild@^0.14.29:
  version "0.14.29"
  resolved "https://registry.yarnpkg.com/esbuild/-/esbuild-0.14.29.tgz#24ad09c0674cbcb4aa2fe761485524eb1f6b1419"
  integrity sha512-SQS8cO8xFEqevYlrHt6exIhK853Me4nZ4aMW6ieysInLa0FMAL+AKs87HYNRtR2YWRcEIqoXAHh+Ytt5/66qpg==
  optionalDependencies:
    esbuild-android-64 "0.14.29"
    esbuild-android-arm64 "0.14.29"
    esbuild-darwin-64 "0.14.29"
    esbuild-darwin-arm64 "0.14.29"
    esbuild-freebsd-64 "0.14.29"
    esbuild-freebsd-arm64 "0.14.29"
    esbuild-linux-32 "0.14.29"
    esbuild-linux-64 "0.14.29"
    esbuild-linux-arm "0.14.29"
    esbuild-linux-arm64 "0.14.29"
    esbuild-linux-mips64le "0.14.29"
    esbuild-linux-ppc64le "0.14.29"
    esbuild-linux-riscv64 "0.14.29"
    esbuild-linux-s390x "0.14.29"
    esbuild-netbsd-64 "0.14.29"
    esbuild-openbsd-64 "0.14.29"
    esbuild-sunos-64 "0.14.29"
    esbuild-windows-32 "0.14.29"
    esbuild-windows-64 "0.14.29"
    esbuild-windows-arm64 "0.14.29"

escalade@^3.1.1:
  version "3.1.1"
  resolved "https://registry.yarnpkg.com/escalade/-/escalade-3.1.1.tgz#d8cfdc7000965c5a0174b4a82eaa5c0552742e40"
  integrity sha512-k0er2gUkLf8O0zKJiAhmkTnJlTvINGv7ygDNPbeIsX/TJjGJZHuh9B2UxbsaEkmlEo9MfhrSzmhIlhRlI2GXnw==

fill-range@^7.0.1:
  version "7.0.1"
  resolved "https://registry.yarnpkg.com/fill-range/-/fill-range-7.0.1.tgz#1919a6a7c75fe38b2c7c77e5198535da9acdda40"
  integrity sha512-qOo9F+dMUmC2Lcb4BbVvnKJxTPjCm+RRpe4gDuGrzkL7mEVl/djYSu2OdQ2Pa302N4oqkSg9ir6jaLWJ2USVpQ==
  dependencies:
    to-regex-range "^5.0.1"

flatten@^1.0.2:
  version "1.0.3"
  resolved "https://registry.yarnpkg.com/flatten/-/flatten-1.0.3.tgz#c1283ac9f27b368abc1e36d1ff7b04501a30356b"
  integrity sha512-dVsPA/UwQ8+2uoFe5GHtiBMu48dWLTdsuEd7CKGlZlD78r1TTWBvDuFaFGKCo/ZfEr95Uk56vZoX86OsHkUeIg==

fsevents@~2.3.2:
  version "2.3.2"
  resolved "https://registry.yarnpkg.com/fsevents/-/fsevents-2.3.2.tgz#8a526f78b8fdf4623b709e0b975c52c24c02fd1a"
  integrity sha512-xiqMQR4xAeHTuB9uWm+fFRcIOgKBMiOBP+eXiyT7jsgVCq1bkVygt00oASowB7EdtpOHaaPgKt812P9ab+DDKA==

function-bind@^1.1.1:
  version "1.1.1"
  resolved "https://registry.yarnpkg.com/function-bind/-/function-bind-1.1.1.tgz#a56899d3ea3c9bab874bb9773b7c5ede92f4895d"
  integrity sha512-yIovAzMX49sF8Yl58fSCWJ5svSLuaibPxXQJFLmBObTuCr0Mf1KiPopGM9NiFjiYBCbfaa2Fh6breQ6ANVTI0A==

fuse.js@^3.4.5:
  version "3.6.1"
  resolved "https://registry.yarnpkg.com/fuse.js/-/fuse.js-3.6.1.tgz#7de85fdd6e1b3377c23ce010892656385fd9b10c"
  integrity sha512-hT9yh/tiinkmirKrlv4KWOjztdoZo1mx9Qh4KvWqC7isoXwdUY3PNWUxceF4/qO9R6riA2C29jdTOeQOIROjgw==

fuse.js@^6.5.3:
  version "6.6.2"
  resolved "https://registry.yarnpkg.com/fuse.js/-/fuse.js-6.6.2.tgz#fe463fed4b98c0226ac3da2856a415576dc9a111"
  integrity sha512-cJaJkxCCxC8qIIcPBF9yGxY0W/tVZS3uEISDxhYIdtk8OL93pe+6Zj7LjCqVV4dzbqcriOZ+kQ/NE4RXZHsIGA==

glob-parent@~5.1.2:
  version "5.1.2"
  resolved "https://registry.yarnpkg.com/glob-parent/-/glob-parent-5.1.2.tgz#869832c58034fe68a4093c17dc15e8340d8401c4"
  integrity sha512-AOIgSQCepiJYwP3ARnGx+5VnTu2HBYdzbGP45eLw1vr3zB3vZLeyed1sC9hnbcOc9/SrMyM5RPQrkGz4aS9Zow==
  dependencies:
    is-glob "^4.0.1"

has@^1.0.3:
  version "1.0.3"
  resolved "https://registry.yarnpkg.com/has/-/has-1.0.3.tgz#722d7cbfc1f6aa8241f16dd814e011e1f41e8796"
  integrity sha512-f2dvO0VU6Oej7RkWJGrehjbzMAjFp5/VKPp5tTpWIV4JHHZK1/BxbFRtf/siA2SWTe09caDmVtYYzWEIbBS4zw==
  dependencies:
    function-bind "^1.1.1"

highlight.js@^11.5.1:
  version "11.5.1"
  resolved "https://registry.yarnpkg.com/highlight.js/-/highlight.js-11.5.1.tgz#027c24e4509e2f4dcd00b4a6dda542ce0a1f7aea"
  integrity sha512-LKzHqnxr4CrD2YsNoIf/o5nJ09j4yi/GcH5BnYz9UnVpZdS4ucMgvP61TDty5xJcFGRjnH4DpujkS9bHT3hq0Q==

immutable@^4.0.0:
  version "4.0.0"
  resolved "https://registry.yarnpkg.com/immutable/-/immutable-4.0.0.tgz#b86f78de6adef3608395efb269a91462797e2c23"
  integrity sha512-zIE9hX70qew5qTUjSS7wi1iwj/l7+m54KWU247nhM3v806UdGj1yDndXj+IOYxxtW9zyLI+xqFNZjTuDaLUqFw==

indexes-of@^1.0.1:
  version "1.0.1"
  resolved "https://registry.yarnpkg.com/indexes-of/-/indexes-of-1.0.1.tgz#f30f716c8e2bd346c7b67d3df3915566a7c05607"
  integrity sha1-8w9xbI4r00bHtn0985FVZqfAVgc=

is-binary-path@~2.1.0:
  version "2.1.0"
  resolved "https://registry.yarnpkg.com/is-binary-path/-/is-binary-path-2.1.0.tgz#ea1f7f3b80f064236e83470f86c09c254fb45b09"
  integrity sha512-ZMERYes6pDydyuGidse7OsHxtbI7WVeUEozgR/g7rd0xUimYNlvZRE/K2MgZTjWy725IfelLeVcEM97mmtRGXw==
  dependencies:
    binary-extensions "^2.0.0"

is-core-module@^2.2.0:
  version "2.8.0"
  resolved "https://registry.yarnpkg.com/is-core-module/-/is-core-module-2.8.0.tgz#0321336c3d0925e497fd97f5d95cb114a5ccd548"
  integrity sha512-vd15qHsaqrRL7dtH6QNuy0ndJmRDrS9HAM1CAiSifNUFv4x1a0CCVsj18hJ1mShxIG6T2i1sO78MkP56r0nYRw==
  dependencies:
    has "^1.0.3"

is-extglob@^2.1.1:
  version "2.1.1"
  resolved "https://registry.yarnpkg.com/is-extglob/-/is-extglob-2.1.1.tgz#a88c02535791f02ed37c76a1b9ea9773c833f8c2"
  integrity sha1-qIwCU1eR8C7TfHahueqXc8gz+MI=

is-glob@^4.0.1, is-glob@~4.0.1:
  version "4.0.3"
  resolved "https://registry.yarnpkg.com/is-glob/-/is-glob-4.0.3.tgz#64f61e42cbbb2eec2071a9dac0b28ba1e65d5084"
  integrity sha512-xelSayHH36ZgE7ZWhli7pW34hNbNl8Ojv5KVmkJD4hBdD3th8Tfk9vYasLM+mXWOZhFkgZfxhLSnrwRr4elSSg==
  dependencies:
    is-extglob "^2.1.1"

is-number@^7.0.0:
  version "7.0.0"
  resolved "https://registry.yarnpkg.com/is-number/-/is-number-7.0.0.tgz#7535345b896734d5f80c4d06c50955527a14f12b"
  integrity sha512-41Cifkg6e8TylSpdtTpeLVMqvSBEVzTttHvERD741+pnZ8ANv0004MRL43QKPDlK9cGvNp6NZWZUBlbGXYxxng==

luxon@^2.4.0:
  version "2.4.0"
  resolved "https://registry.yarnpkg.com/luxon/-/luxon-2.4.0.tgz#9435806545bb32d4234dab766ab8a3d54847a765"
  integrity sha512-w+NAwWOUL5hO0SgwOHsMBAmZ15SoknmQXhSO0hIbJCAmPKSsGeK8MlmhYh2w6Iib38IxN2M+/ooXWLbeis7GuA==

mutation-observer@^1.0.3:
  version "1.0.3"
  resolved "https://registry.yarnpkg.com/mutation-observer/-/mutation-observer-1.0.3.tgz#42e9222b101bca82e5ba9d5a7acf4a14c0f263d0"
  integrity sha512-M/O/4rF2h776hV7qGMZUH3utZLO/jK7p8rnNgGkjKUw8zCGjRQPxB8z6+5l8+VjRUQ3dNYu4vjqXYLr+U8ZVNA==

node-releases@^2.0.0:
  version "2.0.0"
  resolved "https://registry.yarnpkg.com/node-releases/-/node-releases-2.0.0.tgz#67dc74903100a7deb044037b8a2e5f453bb05400"
  integrity sha512-aA87l0flFYMzCHpTM3DERFSYxc6lv/BltdbRTOMZuxZ0cwZCD3mejE5n9vLhSJCN++/eOqr77G1IO5uXxlQYWA==

normalize-path@^3.0.0, normalize-path@~3.0.0:
  version "3.0.0"
  resolved "https://registry.yarnpkg.com/normalize-path/-/normalize-path-3.0.0.tgz#0dcd69ff23a1c9b11fd0978316644a0388216a65"
  integrity sha512-6eZs5Ls3WtCisHWp9S2GUy8dqkpGi4BVSz3GaqiE6ezub0512ESztXUwUB6C6IKbQkY2Pnb/mD4WYojCRwcwLA==

normalize-range@^0.1.2:
  version "0.1.2"
  resolved "https://registry.yarnpkg.com/normalize-range/-/normalize-range-0.1.2.tgz#2d10c06bdfd312ea9777695a4d28439456b75942"
  integrity sha1-LRDAa9/TEuqXd2laTShDlFa3WUI=

num2fraction@^1.2.2:
  version "1.2.2"
  resolved "https://registry.yarnpkg.com/num2fraction/-/num2fraction-1.2.2.tgz#6f682b6a027a4e9ddfa4564cd2589d1d4e669ede"
  integrity sha1-b2gragJ6Tp3fpFZM0lidHU5mnt4=

path-parse@^1.0.6:
  version "1.0.7"
  resolved "https://registry.yarnpkg.com/path-parse/-/path-parse-1.0.7.tgz#fbc114b60ca42b30d9daf5858e4bd68bbedb6735"
  integrity sha512-LDJzPVEEEPR+y48z93A0Ed0yXb8pAByGWo/k5YYdYgpY2/2EsOsksJrq7lOHxryrVOn1ejG6oAp8ahvOIQD8sw==

picocolors@^0.2.1:
  version "0.2.1"
  resolved "https://registry.yarnpkg.com/picocolors/-/picocolors-0.2.1.tgz#570670f793646851d1ba135996962abad587859f"
  integrity sha512-cMlDqaLEqfSaW8Z7N5Jw+lyIW869EzT73/F5lhtY9cLGoVxSXznfgfXMO0Z5K0o0Q2TkTXq+0KFsdnSe3jDViA==

picocolors@^1.0.0:
  version "1.0.0"
  resolved "https://registry.yarnpkg.com/picocolors/-/picocolors-1.0.0.tgz#cb5bdc74ff3f51892236eaf79d68bc44564ab81c"
  integrity sha512-1fygroTLlHu66zi26VoTDv8yRgm0Fccecssto+MhsZ0D/DGW2sm8E8AjW7NU5VVTRt5GxbeZ5qBuJr+HyLYkjQ==

picomatch@^2.0.4, picomatch@^2.2.1:
  version "2.3.0"
  resolved "https://registry.yarnpkg.com/picomatch/-/picomatch-2.3.0.tgz#f1f061de8f6a4bf022892e2d128234fb98302972"
  integrity sha512-lY1Q/PiJGC2zOv/z391WOTD+Z02bCgsFfvxoXXf6h7kv9o+WmsmzYqrAwY63sNgOxE4xEdq0WyUnXfKeBrSvYw==

pify@^2.3.0:
  version "2.3.0"
  resolved "https://registry.yarnpkg.com/pify/-/pify-2.3.0.tgz#ed141a6ac043a849ea588498e7dca8b15330e90c"
  integrity sha1-7RQaasBDqEnqWISY59yosVMw6Qw=

postcss-attribute-case-insensitive@^4.0.1:
  version "4.0.2"
  resolved "https://registry.yarnpkg.com/postcss-attribute-case-insensitive/-/postcss-attribute-case-insensitive-4.0.2.tgz#d93e46b504589e94ac7277b0463226c68041a880"
  integrity sha512-clkFxk/9pcdb4Vkn0hAHq3YnxBQ2p0CGD1dy24jN+reBck+EWxMbxSUqN4Yj7t0w8csl87K6p0gxBe1utkJsYA==
  dependencies:
    postcss "^7.0.2"
    postcss-selector-parser "^6.0.2"

postcss-color-functional-notation@^2.0.1:
  version "2.0.1"
  resolved "https://registry.yarnpkg.com/postcss-color-functional-notation/-/postcss-color-functional-notation-2.0.1.tgz#5efd37a88fbabeb00a2966d1e53d98ced93f74e0"
  integrity sha512-ZBARCypjEDofW4P6IdPVTLhDNXPRn8T2s1zHbZidW6rPaaZvcnCS2soYFIQJrMZSxiePJ2XIYTlcb2ztr/eT2g==
  dependencies:
    postcss "^7.0.2"
    postcss-values-parser "^2.0.0"

postcss-color-gray@^5.0.0:
  version "5.0.0"
  resolved "https://registry.yarnpkg.com/postcss-color-gray/-/postcss-color-gray-5.0.0.tgz#532a31eb909f8da898ceffe296fdc1f864be8547"
  integrity sha512-q6BuRnAGKM/ZRpfDascZlIZPjvwsRye7UDNalqVz3s7GDxMtqPY6+Q871liNxsonUw8oC61OG+PSaysYpl1bnw==
  dependencies:
    "@csstools/convert-colors" "^1.4.0"
    postcss "^7.0.5"
    postcss-values-parser "^2.0.0"

postcss-color-hex-alpha@^5.0.3:
  version "5.0.3"
  resolved "https://registry.yarnpkg.com/postcss-color-hex-alpha/-/postcss-color-hex-alpha-5.0.3.tgz#a8d9ca4c39d497c9661e374b9c51899ef0f87388"
  integrity sha512-PF4GDel8q3kkreVXKLAGNpHKilXsZ6xuu+mOQMHWHLPNyjiUBOr75sp5ZKJfmv1MCus5/DWUGcK9hm6qHEnXYw==
  dependencies:
    postcss "^7.0.14"
    postcss-values-parser "^2.0.1"

postcss-color-mod-function@^3.0.3:
  version "3.0.3"
  resolved "https://registry.yarnpkg.com/postcss-color-mod-function/-/postcss-color-mod-function-3.0.3.tgz#816ba145ac11cc3cb6baa905a75a49f903e4d31d"
  integrity sha512-YP4VG+xufxaVtzV6ZmhEtc+/aTXH3d0JLpnYfxqTvwZPbJhWqp8bSY3nfNzNRFLgB4XSaBA82OE4VjOOKpCdVQ==
  dependencies:
    "@csstools/convert-colors" "^1.4.0"
    postcss "^7.0.2"
    postcss-values-parser "^2.0.0"

postcss-color-rebeccapurple@^4.0.1:
  version "4.0.1"
  resolved "https://registry.yarnpkg.com/postcss-color-rebeccapurple/-/postcss-color-rebeccapurple-4.0.1.tgz#c7a89be872bb74e45b1e3022bfe5748823e6de77"
  integrity sha512-aAe3OhkS6qJXBbqzvZth2Au4V3KieR5sRQ4ptb2b2O8wgvB3SJBsdG+jsn2BZbbwekDG8nTfcCNKcSfe/lEy8g==
  dependencies:
    postcss "^7.0.2"
    postcss-values-parser "^2.0.0"

postcss-custom-media@^7.0.8:
  version "7.0.8"
  resolved "https://registry.yarnpkg.com/postcss-custom-media/-/postcss-custom-media-7.0.8.tgz#fffd13ffeffad73621be5f387076a28b00294e0c"
  integrity sha512-c9s5iX0Ge15o00HKbuRuTqNndsJUbaXdiNsksnVH8H4gdc+zbLzr/UasOwNG6CTDpLFekVY4672eWdiiWu2GUg==
  dependencies:
    postcss "^7.0.14"

postcss-custom-properties@^8.0.11:
  version "8.0.11"
  resolved "https://registry.yarnpkg.com/postcss-custom-properties/-/postcss-custom-properties-8.0.11.tgz#2d61772d6e92f22f5e0d52602df8fae46fa30d97"
  integrity sha512-nm+o0eLdYqdnJ5abAJeXp4CEU1c1k+eB2yMCvhgzsds/e0umabFrN6HoTy/8Q4K5ilxERdl/JD1LO5ANoYBeMA==
  dependencies:
    postcss "^7.0.17"
    postcss-values-parser "^2.0.1"

postcss-custom-selectors@^5.1.2:
  version "5.1.2"
  resolved "https://registry.yarnpkg.com/postcss-custom-selectors/-/postcss-custom-selectors-5.1.2.tgz#64858c6eb2ecff2fb41d0b28c9dd7b3db4de7fba"
  integrity sha512-DSGDhqinCqXqlS4R7KGxL1OSycd1lydugJ1ky4iRXPHdBRiozyMHrdu0H3o7qNOCiZwySZTUI5MV0T8QhCLu+w==
  dependencies:
    postcss "^7.0.2"
    postcss-selector-parser "^5.0.0-rc.3"

postcss-dir-pseudo-class@^5.0.0:
  version "5.0.0"
  resolved "https://registry.yarnpkg.com/postcss-dir-pseudo-class/-/postcss-dir-pseudo-class-5.0.0.tgz#6e3a4177d0edb3abcc85fdb6fbb1c26dabaeaba2"
  integrity sha512-3pm4oq8HYWMZePJY+5ANriPs3P07q+LW6FAdTlkFH2XqDdP4HeeJYMOzn0HYLhRSjBO3fhiqSwwU9xEULSrPgw==
  dependencies:
    postcss "^7.0.2"
    postcss-selector-parser "^5.0.0-rc.3"

postcss-double-position-gradients@^1.0.0:
  version "1.0.0"
  resolved "https://registry.yarnpkg.com/postcss-double-position-gradients/-/postcss-double-position-gradients-1.0.0.tgz#fc927d52fddc896cb3a2812ebc5df147e110522e"
  integrity sha512-G+nV8EnQq25fOI8CH/B6krEohGWnF5+3A6H/+JEpOncu5dCnkS1QQ6+ct3Jkaepw1NGVqqOZH6lqrm244mCftA==
  dependencies:
    postcss "^7.0.5"
    postcss-values-parser "^2.0.0"

postcss-env-function@^2.0.2:
  version "2.0.2"
  resolved "https://registry.yarnpkg.com/postcss-env-function/-/postcss-env-function-2.0.2.tgz#0f3e3d3c57f094a92c2baf4b6241f0b0da5365d7"
  integrity sha512-rwac4BuZlITeUbiBq60h/xbLzXY43qOsIErngWa4l7Mt+RaSkT7QBjXVGTcBHupykkblHMDrBFh30zchYPaOUw==
  dependencies:
    postcss "^7.0.2"
    postcss-values-parser "^2.0.0"

postcss-focus-visible@^4.0.0:
  version "4.0.0"
  resolved "https://registry.yarnpkg.com/postcss-focus-visible/-/postcss-focus-visible-4.0.0.tgz#477d107113ade6024b14128317ade2bd1e17046e"
  integrity sha512-Z5CkWBw0+idJHSV6+Bgf2peDOFf/x4o+vX/pwcNYrWpXFrSfTkQ3JQ1ojrq9yS+upnAlNRHeg8uEwFTgorjI8g==
  dependencies:
    postcss "^7.0.2"

postcss-focus-within@^3.0.0:
  version "3.0.0"
  resolved "https://registry.yarnpkg.com/postcss-focus-within/-/postcss-focus-within-3.0.0.tgz#763b8788596cee9b874c999201cdde80659ef680"
  integrity sha512-W0APui8jQeBKbCGZudW37EeMCjDeVxKgiYfIIEo8Bdh5SpB9sxds/Iq8SEuzS0Q4YFOlG7EPFulbbxujpkrV2w==
  dependencies:
    postcss "^7.0.2"

postcss-font-variant@^4.0.0:
  version "4.0.1"
  resolved "https://registry.yarnpkg.com/postcss-font-variant/-/postcss-font-variant-4.0.1.tgz#42d4c0ab30894f60f98b17561eb5c0321f502641"
  integrity sha512-I3ADQSTNtLTTd8uxZhtSOrTCQ9G4qUVKPjHiDk0bV75QSxXjVWiJVJ2VLdspGUi9fbW9BcjKJoRvxAH1pckqmA==
  dependencies:
    postcss "^7.0.2"

postcss-gap-properties@^2.0.0:
  version "2.0.0"
  resolved "https://registry.yarnpkg.com/postcss-gap-properties/-/postcss-gap-properties-2.0.0.tgz#431c192ab3ed96a3c3d09f2ff615960f902c1715"
  integrity sha512-QZSqDaMgXCHuHTEzMsS2KfVDOq7ZFiknSpkrPJY6jmxbugUPTuSzs/vuE5I3zv0WAS+3vhrlqhijiprnuQfzmg==
  dependencies:
    postcss "^7.0.2"

postcss-image-set-function@^3.0.1:
  version "3.0.1"
  resolved "https://registry.yarnpkg.com/postcss-image-set-function/-/postcss-image-set-function-3.0.1.tgz#28920a2f29945bed4c3198d7df6496d410d3f288"
  integrity sha512-oPTcFFip5LZy8Y/whto91L9xdRHCWEMs3e1MdJxhgt4jy2WYXfhkng59fH5qLXSCPN8k4n94p1Czrfe5IOkKUw==
  dependencies:
    postcss "^7.0.2"
    postcss-values-parser "^2.0.0"

postcss-import@^14.0.2:
  version "14.0.2"
  resolved "https://registry.yarnpkg.com/postcss-import/-/postcss-import-14.0.2.tgz#60eff77e6be92e7b67fe469ec797d9424cae1aa1"
  integrity sha512-BJ2pVK4KhUyMcqjuKs9RijV5tatNzNa73e/32aBVE/ejYPe37iH+6vAu9WvqUkB5OAYgLHzbSvzHnorybJCm9g==
  dependencies:
    postcss-value-parser "^4.0.0"
    read-cache "^1.0.0"
    resolve "^1.1.7"

postcss-initial@^3.0.0:
  version "3.0.4"
  resolved "https://registry.yarnpkg.com/postcss-initial/-/postcss-initial-3.0.4.tgz#9d32069a10531fe2ecafa0b6ac750ee0bc7efc53"
  integrity sha512-3RLn6DIpMsK1l5UUy9jxQvoDeUN4gP939tDcKUHD/kM8SGSKbFAnvkpFpj3Bhtz3HGk1jWY5ZNWX6mPta5M9fg==
  dependencies:
    postcss "^7.0.2"

postcss-lab-function@^2.0.1:
  version "2.0.1"
  resolved "https://registry.yarnpkg.com/postcss-lab-function/-/postcss-lab-function-2.0.1.tgz#bb51a6856cd12289ab4ae20db1e3821ef13d7d2e"
  integrity sha512-whLy1IeZKY+3fYdqQFuDBf8Auw+qFuVnChWjmxm/UhHWqNHZx+B99EwxTvGYmUBqe3Fjxs4L1BoZTJmPu6usVg==
  dependencies:
    "@csstools/convert-colors" "^1.4.0"
    postcss "^7.0.2"
    postcss-values-parser "^2.0.0"

postcss-logical@^3.0.0:
  version "3.0.0"
  resolved "https://registry.yarnpkg.com/postcss-logical/-/postcss-logical-3.0.0.tgz#2495d0f8b82e9f262725f75f9401b34e7b45d5b5"
  integrity sha512-1SUKdJc2vuMOmeItqGuNaC+N8MzBWFWEkAnRnLpFYj1tGGa7NqyVBujfRtgNa2gXR+6RkGUiB2O5Vmh7E2RmiA==
  dependencies:
    postcss "^7.0.2"

postcss-media-minmax@^4.0.0:
  version "4.0.0"
  resolved "https://registry.yarnpkg.com/postcss-media-minmax/-/postcss-media-minmax-4.0.0.tgz#b75bb6cbc217c8ac49433e12f22048814a4f5ed5"
  integrity sha512-fo9moya6qyxsjbFAYl97qKO9gyre3qvbMnkOZeZwlsW6XYFsvs2DMGDlchVLfAd8LHPZDxivu/+qW2SMQeTHBw==
  dependencies:
    postcss "^7.0.2"

postcss-nesting@^7.0.0:
  version "7.0.1"
  resolved "https://registry.yarnpkg.com/postcss-nesting/-/postcss-nesting-7.0.1.tgz#b50ad7b7f0173e5b5e3880c3501344703e04c052"
  integrity sha512-FrorPb0H3nuVq0Sff7W2rnc3SmIcruVC6YwpcS+k687VxyxO33iE1amna7wHuRVzM8vfiYofXSBHNAZ3QhLvYg==
  dependencies:
    postcss "^7.0.2"

postcss-overflow-shorthand@^2.0.0:
  version "2.0.0"
  resolved "https://registry.yarnpkg.com/postcss-overflow-shorthand/-/postcss-overflow-shorthand-2.0.0.tgz#31ecf350e9c6f6ddc250a78f0c3e111f32dd4c30"
  integrity sha512-aK0fHc9CBNx8jbzMYhshZcEv8LtYnBIRYQD5i7w/K/wS9c2+0NSR6B3OVMu5y0hBHYLcMGjfU+dmWYNKH0I85g==
  dependencies:
    postcss "^7.0.2"

postcss-page-break@^2.0.0:
  version "2.0.0"
  resolved "https://registry.yarnpkg.com/postcss-page-break/-/postcss-page-break-2.0.0.tgz#add52d0e0a528cabe6afee8b46e2abb277df46bf"
  integrity sha512-tkpTSrLpfLfD9HvgOlJuigLuk39wVTbbd8RKcy8/ugV2bNBUW3xU+AIqyxhDrQr1VUj1RmyJrBn1YWrqUm9zAQ==
  dependencies:
    postcss "^7.0.2"

postcss-place@^4.0.1:
  version "4.0.1"
  resolved "https://registry.yarnpkg.com/postcss-place/-/postcss-place-4.0.1.tgz#e9f39d33d2dc584e46ee1db45adb77ca9d1dcc62"
  integrity sha512-Zb6byCSLkgRKLODj/5mQugyuj9bvAAw9LqJJjgwz5cYryGeXfFZfSXoP1UfveccFmeq0b/2xxwcTEVScnqGxBg==
  dependencies:
    postcss "^7.0.2"
    postcss-values-parser "^2.0.0"

postcss-preset-env@^6.7.0:
  version "6.7.0"
  resolved "https://registry.yarnpkg.com/postcss-preset-env/-/postcss-preset-env-6.7.0.tgz#c34ddacf8f902383b35ad1e030f178f4cdf118a5"
  integrity sha512-eU4/K5xzSFwUFJ8hTdTQzo2RBLbDVt83QZrAvI07TULOkmyQlnYlpwep+2yIK+K+0KlZO4BvFcleOCCcUtwchg==
  dependencies:
    autoprefixer "^9.6.1"
    browserslist "^4.6.4"
    caniuse-lite "^1.0.30000981"
    css-blank-pseudo "^0.1.4"
    css-has-pseudo "^0.10.0"
    css-prefers-color-scheme "^3.1.1"
    cssdb "^4.4.0"
    postcss "^7.0.17"
    postcss-attribute-case-insensitive "^4.0.1"
    postcss-color-functional-notation "^2.0.1"
    postcss-color-gray "^5.0.0"
    postcss-color-hex-alpha "^5.0.3"
    postcss-color-mod-function "^3.0.3"
    postcss-color-rebeccapurple "^4.0.1"
    postcss-custom-media "^7.0.8"
    postcss-custom-properties "^8.0.11"
    postcss-custom-selectors "^5.1.2"
    postcss-dir-pseudo-class "^5.0.0"
    postcss-double-position-gradients "^1.0.0"
    postcss-env-function "^2.0.2"
    postcss-focus-visible "^4.0.0"
    postcss-focus-within "^3.0.0"
    postcss-font-variant "^4.0.0"
    postcss-gap-properties "^2.0.0"
    postcss-image-set-function "^3.0.1"
    postcss-initial "^3.0.0"
    postcss-lab-function "^2.0.1"
    postcss-logical "^3.0.0"
    postcss-media-minmax "^4.0.0"
    postcss-nesting "^7.0.0"
    postcss-overflow-shorthand "^2.0.0"
    postcss-page-break "^2.0.0"
    postcss-place "^4.0.1"
    postcss-pseudo-class-any-link "^6.0.0"
    postcss-replace-overflow-wrap "^3.0.0"
    postcss-selector-matches "^4.0.0"
    postcss-selector-not "^4.0.0"

postcss-pseudo-class-any-link@^6.0.0:
  version "6.0.0"
  resolved "https://registry.yarnpkg.com/postcss-pseudo-class-any-link/-/postcss-pseudo-class-any-link-6.0.0.tgz#2ed3eed393b3702879dec4a87032b210daeb04d1"
  integrity sha512-lgXW9sYJdLqtmw23otOzrtbDXofUdfYzNm4PIpNE322/swES3VU9XlXHeJS46zT2onFO7V1QFdD4Q9LiZj8mew==
  dependencies:
    postcss "^7.0.2"
    postcss-selector-parser "^5.0.0-rc.3"

postcss-replace-overflow-wrap@^3.0.0:
  version "3.0.0"
  resolved "https://registry.yarnpkg.com/postcss-replace-overflow-wrap/-/postcss-replace-overflow-wrap-3.0.0.tgz#61b360ffdaedca84c7c918d2b0f0d0ea559ab01c"
  integrity sha512-2T5hcEHArDT6X9+9dVSPQdo7QHzG4XKclFT8rU5TzJPDN7RIRTbO9c4drUISOVemLj03aezStHCR2AIcr8XLpw==
  dependencies:
    postcss "^7.0.2"

postcss-selector-matches@^4.0.0:
  version "4.0.0"
  resolved "https://registry.yarnpkg.com/postcss-selector-matches/-/postcss-selector-matches-4.0.0.tgz#71c8248f917ba2cc93037c9637ee09c64436fcff"
  integrity sha512-LgsHwQR/EsRYSqlwdGzeaPKVT0Ml7LAT6E75T8W8xLJY62CE4S/l03BWIt3jT8Taq22kXP08s2SfTSzaraoPww==
  dependencies:
    balanced-match "^1.0.0"
    postcss "^7.0.2"

postcss-selector-not@^4.0.0:
  version "4.0.1"
  resolved "https://registry.yarnpkg.com/postcss-selector-not/-/postcss-selector-not-4.0.1.tgz#263016eef1cf219e0ade9a913780fc1f48204cbf"
  integrity sha512-YolvBgInEK5/79C+bdFMyzqTg6pkYqDbzZIST/PDMqa/o3qtXenD05apBG2jLgT0/BQ77d4U2UK12jWpilqMAQ==
  dependencies:
    balanced-match "^1.0.0"
    postcss "^7.0.2"

postcss-selector-parser@^5.0.0-rc.3, postcss-selector-parser@^5.0.0-rc.4:
  version "5.0.0"
  resolved "https://registry.yarnpkg.com/postcss-selector-parser/-/postcss-selector-parser-5.0.0.tgz#249044356697b33b64f1a8f7c80922dddee7195c"
  integrity sha512-w+zLE5Jhg6Liz8+rQOWEAwtwkyqpfnmsinXjXg6cY7YIONZZtgvE0v2O0uhQBs0peNomOJwWRKt6JBfTdTd3OQ==
  dependencies:
    cssesc "^2.0.0"
    indexes-of "^1.0.1"
    uniq "^1.0.1"

postcss-selector-parser@^6.0.2:
  version "6.0.6"
  resolved "https://registry.yarnpkg.com/postcss-selector-parser/-/postcss-selector-parser-6.0.6.tgz#2c5bba8174ac2f6981ab631a42ab0ee54af332ea"
  integrity sha512-9LXrvaaX3+mcv5xkg5kFwqSzSH1JIObIx51PrndZwlmznwXRfxMddDvo9gve3gVR8ZTKgoFDdWkbRFmEhT4PMg==
  dependencies:
    cssesc "^3.0.0"
    util-deprecate "^1.0.2"

postcss-value-parser@^4.0.0, postcss-value-parser@^4.1.0:
  version "4.1.0"
  resolved "https://registry.yarnpkg.com/postcss-value-parser/-/postcss-value-parser-4.1.0.tgz#443f6a20ced6481a2bda4fa8532a6e55d789a2cb"
  integrity sha512-97DXOFbQJhk71ne5/Mt6cOu6yxsSfM0QGQyl0L25Gca4yGWEGJaig7l7gbCX623VqTBNGLRLaVUCnNkcedlRSQ==

postcss-values-parser@^2.0.0, postcss-values-parser@^2.0.1:
  version "2.0.1"
  resolved "https://registry.yarnpkg.com/postcss-values-parser/-/postcss-values-parser-2.0.1.tgz#da8b472d901da1e205b47bdc98637b9e9e550e5f"
  integrity sha512-2tLuBsA6P4rYTNKCXYG/71C7j1pU6pK503suYOmn4xYrQIzW+opD+7FAFNuGSdZC/3Qfy334QbeMu7MEb8gOxg==
  dependencies:
    flatten "^1.0.2"
    indexes-of "^1.0.1"
    uniq "^1.0.1"

postcss@^7.0.14, postcss@^7.0.17, postcss@^7.0.2, postcss@^7.0.32, postcss@^7.0.5, postcss@^7.0.6:
  version "7.0.39"
  resolved "https://registry.yarnpkg.com/postcss/-/postcss-7.0.39.tgz#9624375d965630e2e1f2c02a935c82a59cb48309"
  integrity sha512-yioayjNbHn6z1/Bywyb2Y4s3yvDAeXGOyxqD+LnVOinq6Mdmd++SW2wUNVzavyyHxd6+DxzWGIuosg6P1Rj8uA==
  dependencies:
    picocolors "^0.2.1"
    source-map "^0.6.1"

rails_design@^0.0.7:
  version "0.0.7"
  resolved "https://registry.yarnpkg.com/rails_design/-/rails_design-0.0.7.tgz#65fce3735a04b2a371fb312d41d72cca99c480b4"
  integrity sha512-QTgtC02PgOtMSiDGkmloH8DQOZPOdvCXg8f/p33KesdtXCCiamsYc3pmDQ0TkjlppVXZawqZcpCdgH895kK1gQ==
  dependencies:
    "@hotwired/stimulus" "^3.0.1"
    "@hotwired/turbo" "^7.1.0"
    "@rails/actioncable" "^7.0.3"
    "@rails/activestorage" "^7.0.3"
    bulma "^0.9.4"
    choices.js "^10.1.0"
    highlight.js "^11.5.1"
    luxon "^2.4.0"
    sortablejs "^1.15.0"
    vconsole "^3.11.2"
    weui "^2.5.9"

read-cache@^1.0.0:
  version "1.0.0"
  resolved "https://registry.yarnpkg.com/read-cache/-/read-cache-1.0.0.tgz#e664ef31161166c9751cdbe8dbcf86b5fb58f774"
  integrity sha1-5mTvMRYRZsl1HNvo28+GtftY93Q=
  dependencies:
    pify "^2.3.0"

readdirp@~3.6.0:
  version "3.6.0"
  resolved "https://registry.yarnpkg.com/readdirp/-/readdirp-3.6.0.tgz#74a370bd857116e245b29cc97340cd431a02a6c7"
  integrity sha512-hOS089on8RduqdbhvQ5Z37A0ESjsqz6qnRcffsMU3495FuTdqSm+7bhJ29JvIOsBDEEnan5DPu9t3To9VRlMzA==
  dependencies:
    picomatch "^2.2.1"

redux@^4.0.4:
  version "4.1.1"
  resolved "https://registry.yarnpkg.com/redux/-/redux-4.1.1.tgz#76f1c439bb42043f985fbd9bf21990e60bd67f47"
  integrity sha512-hZQZdDEM25UY2P493kPYuKqviVwZ58lEmGQNeQ+gXa+U0gYPUBf7NKYazbe3m+bs/DzM/ahN12DbF+NG8i0CWw==
  dependencies:
    "@babel/runtime" "^7.9.2"

redux@^4.1.2:
  version "4.2.0"
  resolved "https://registry.yarnpkg.com/redux/-/redux-4.2.0.tgz#46f10d6e29b6666df758780437651eeb2b969f13"
  integrity sha512-oSBmcKKIuIR4ME29/AeNUnl5L+hvBq7OaJWzaptTQJAntaPvxIJqfnjbaEiCzzaIz+XmVILfqAM3Ob0aXLPfjA==
  dependencies:
    "@babel/runtime" "^7.9.2"

regenerator-runtime@^0.13.4:
  version "0.13.9"
  resolved "https://registry.yarnpkg.com/regenerator-runtime/-/regenerator-runtime-0.13.9.tgz#8925742a98ffd90814988d7566ad30ca3b263b52"
  integrity sha512-p3VT+cOEgxFsRRA9X4lkI1E+k2/CtnKtU4gcxyaCUreilL/vqI6CdZ3wxVUx3UOUg+gnUOQQcRI7BmSI656MYA==

resolve@^1.1.7:
  version "1.20.0"
  resolved "https://registry.yarnpkg.com/resolve/-/resolve-1.20.0.tgz#629a013fb3f70755d6f0b7935cc1c2c5378b1975"
  integrity sha512-wENBPt4ySzg4ybFQW2TT1zMQucPK95HSh/nq2CFTZVOGut2+pQvSsgtda4d26YrYcr067wjbmzOG8byDPBX63A==
  dependencies:
    is-core-module "^2.2.0"
    path-parse "^1.0.6"

sass@^1.49.10:
  version "1.49.10"
  resolved "https://registry.yarnpkg.com/sass/-/sass-1.49.10.tgz#7b83cee0f03bbba443111b3f94944fde2b0c7a6b"
  integrity sha512-w37zfWJwKu4I78U4z63u1mmgoncq+v3iOB4yzQMPyAPVHHawaQSnu9C9ysGQnZEhW609jkcLioJcMCqm75JMdg==
  dependencies:
    chokidar ">=3.0.0 <4.0.0"
    immutable "^4.0.0"
    source-map-js ">=0.6.2 <2.0.0"

sortablejs@^1.15.0:
  version "1.15.0"
  resolved "https://registry.yarnpkg.com/sortablejs/-/sortablejs-1.15.0.tgz#53230b8aa3502bb77a29e2005808ffdb4a5f7e2a"
  integrity sha512-bv9qgVMjUMf89wAvM6AxVvS/4MX3sPeN0+agqShejLU5z5GX4C75ow1O2e5k4L6XItUyAK3gH6AxSbXrOM5e8w==

"source-map-js@>=0.6.2 <2.0.0":
  version "1.0.2"
  resolved "https://registry.yarnpkg.com/source-map-js/-/source-map-js-1.0.2.tgz#adbc361d9c62df380125e7f161f71c826f1e490c"
  integrity sha512-R0XvVJ9WusLiqTCEiGCmICCMplcCkIwwR11mOSD9CR5u+IXYdiseeEuXCVAjS54zqwkLcPNnmU4OeJ6tUrWhDw==

source-map@^0.6.1:
  version "0.6.1"
  resolved "https://registry.yarnpkg.com/source-map/-/source-map-0.6.1.tgz#74722af32e9614e9c287a8d0bbde48b5e2f1a263"
  integrity sha512-UjgapumWlbMhkBgzT7Ykc5YXUT46F0iKu8SGXq0bcwP5dz/h0Plj6enJqjz1Zbq2l5WaqYnrVbwWOWMyF3F47g==

spark-md5@^3.0.1:
  version "3.0.2"
  resolved "https://registry.yarnpkg.com/spark-md5/-/spark-md5-3.0.2.tgz#7952c4a30784347abcee73268e473b9c0167e3fc"
  integrity sha512-wcFzz9cDfbuqe0FZzfi2or1sgyIrsDwmPwfZC4hiNidPdPINjeUwNfv5kldczoEAcjl9Y1L3SM7Uz2PUEQzxQw==

stickybits@^3.7.7:
  version "3.7.9"
  resolved "https://registry.yarnpkg.com/stickybits/-/stickybits-3.7.9.tgz#0e469ffb960e1e661bd308ba4da370dc439902bf"
  integrity sha512-wSEH/RO0TPIeI1rYI6p3Hv9FFSKr6+58Ru4xyYbEgd4PfE1r3TGgbYUWvW6SwnfoRY3DMDLxOuvUoW+8LWblQQ==

to-regex-range@^5.0.1:
  version "5.0.1"
  resolved "https://registry.yarnpkg.com/to-regex-range/-/to-regex-range-5.0.1.tgz#1648c44aae7c8d988a326018ed72f5b4dd0392e4"
  integrity sha512-65P7iz6X5yEr1cwcgvQxbbIw7Uk3gOy5dIdtZ4rDveLqhrdJP+Li/Hx6tyK0NEb+2GCyneCMJiGqrADCSNk8sQ==
  dependencies:
    is-number "^7.0.0"

uniq@^1.0.1:
  version "1.0.1"
  resolved "https://registry.yarnpkg.com/uniq/-/uniq-1.0.1.tgz#b31c5ae8254844a3a8281541ce2b04b865a734ff"
  integrity sha1-sxxa6CVIRKOoKBVBzisEuGWnNP8=

util-deprecate@^1.0.2:
  version "1.0.2"
  resolved "https://registry.yarnpkg.com/util-deprecate/-/util-deprecate-1.0.2.tgz#450d4dc9fa70de732762fbd2d4a28981419a0ccf"
  integrity sha1-RQ1Nyfpw3nMnYvvS1KKJgUGaDM8=

vconsole@^3.11.2:
  version "3.14.5"
  resolved "https://registry.yarnpkg.com/vconsole/-/vconsole-3.14.5.tgz#7ff042935c163ea7a105d5855bdd7ed511f45dac"
  integrity sha512-ZfBsaRloRU7eJXH2z2YiNSF5Yb7AblwdPx0c8YcT/RO0ShqfUGrDqRuAmysfLUO+oJ8fC+ZPTgB4r5+rr6msQw==
  dependencies:
    "@babel/runtime" "^7.17.2"
    copy-text-to-clipboard "^3.0.1"
    core-js "^3.11.0"
    mutation-observer "^1.0.3"

weui@^2.5.9:
  version "2.5.9"
  resolved "https://registry.yarnpkg.com/weui/-/weui-2.5.9.tgz#f625dfbc0bd55ec432b359bcf07827db634a8af2"
  integrity sha512-53D9X8U/mA9Kd7DM5zOCZ521UGNbzKDuLDVCcpFXO1KJk/GCEDpanL2rkgC8iLE1MUBGBmGzr6bSnKtXAD9hkQ==
