# THIS IS AN AUTOGENERATED FILE. DO NOT EDIT THIS FILE DIRECTLY.
# yarn lockfile v1


"@fortawesome/fontawesome-free@^5.9.0":
  version "5.10.2"
  resolved "https://registry.yarnpkg.com/@fortawesome/fontawesome-free/-/fontawesome-free-5.10.2.tgz#27e02da1e34b50c9869179d364fb46627b521130"
  integrity sha512-9pw+Nsnunl9unstGEHQ+u41wBEQue6XPBsILXtJF/4fNN1L3avJcMF/gGF86rIjeTAgfLjTY9ndm68/X4f4idQ==

"@stimulus/core@^1.1.0":
  version "1.1.0"
  resolved "https://registry.yarnpkg.com/@stimulus/core/-/core-1.1.0.tgz#0fe7f5bf555aa2a31b4576f2b3389fd192a27138"
  integrity sha512-tBQkrijjk8p3ZAhMMu2u87kXbTeBLPWiemoZqmb62krUt/IofQMFrbbiSzPAkkVqlv3kwjs0bmlO3H4fWE9HBQ==
  dependencies:
    "@stimulus/mutation-observers" "^1.1.0"

"@stimulus/multimap@^1.1.0":
  version "1.1.0"
  resolved "https://registry.yarnpkg.com/@stimulus/multimap/-/multimap-1.1.0.tgz#f373ff72feab4218b2a9ae00866acc47d5032f5e"
  integrity sha512-LoAyUhHX5b8/gVXHVMKUXT8vZnXSyJAWs1sopQZNBWDs34zSpWF5tqclf0T3TNg3aCbQlWaHnYv3lickpbrNEQ==

"@stimulus/mutation-observers@^1.1.0":
  version "1.1.0"
  resolved "https://registry.yarnpkg.com/@stimulus/mutation-observers/-/mutation-observers-1.1.0.tgz#8744d8b37302baeffcdd9123021c55084fb82beb"
  integrity sha512-Tr0bmJEFqAm3o0mJPZcCLurlW+lp8gohFeUQNbkjj9bmCGygQKuWr1b3dwyJgG94qRuzo66QdKkvp04tp1o7lw==
  dependencies:
    "@stimulus/multimap" "^1.1.0"

"@stimulus/webpack-helpers@^1.1.0":
  version "1.1.0"
  resolved "https://registry.yarnpkg.com/@stimulus/webpack-helpers/-/webpack-helpers-1.1.0.tgz#17f00ea6eaa38b490ba84fec6f6c436c604a4a85"
  integrity sha512-trzloYQ7RBZcYIbB5hLLgYvC7MHJkj1avPFIrEFCd2t7WCFhH5wQApyzAZAS+BtjvFwHp0o1o7Rp1OceRgjOCw==

jquery@^3.3.1:
  version "3.3.1"
  resolved "https://registry.yarnpkg.com/jquery/-/jquery-3.3.1.tgz#958ce29e81c9790f31be7792df5d4d95fc57fbca"

jquery@^3.4.1:
  version "3.4.1"
  resolved "https://registry.yarnpkg.com/jquery/-/jquery-3.4.1.tgz#714f1f8d9dde4bdfa55764ba37ef214630d80ef2"
  integrity sha512-36+AdBzCL+y6qjw5Tx7HgzeGCzC81MDDgaUP8ld2zhx58HdqXGoBd+tHdrBMiyjGQs0Hxs/MLZTu/eHNJJuWPw==

moment@^2.23.0:
  version "2.23.0"
  resolved "https://registry.yarnpkg.com/moment/-/moment-2.23.0.tgz#759ea491ac97d54bac5ad776996e2a58cc1bc225"
  integrity sha512-3IE39bHVqFbWWaPOMHZF98Q9c3LDKGTmypMiTM2QygGXXElkFWIH7GxfmlwmY2vwa+wmNsoYZmG2iusf1ZjJoA==

stimulus@^1.1.0:
  version "1.1.0"
  resolved "https://registry.yarnpkg.com/stimulus/-/stimulus-1.1.0.tgz#d313e59bc0085eec5e072a401e0fb2c5fb0a0301"
  integrity sha512-H5B/jYGoKHW7KZCdkxsjml16wMp9ubHh/Db2ewcMWIV5Y4LOGKqYOKsNDs650DidKdGht8CBTtF7jAodIOHZMA==
  dependencies:
    "@stimulus/core" "^1.1.0"
    "@stimulus/webpack-helpers" "^1.1.0"

turbolinks@^5.2.0:
  version "5.2.0"
  resolved "https://registry.yarnpkg.com/turbolinks/-/turbolinks-5.2.0.tgz#e6877a55ea5c1cb3bb225f0a4ae303d6d32ff77c"

weui@^2.0.1:
  version "2.0.1"
  resolved "https://registry.yarnpkg.com/weui/-/weui-2.0.1.tgz#ba8824ce83c82b411bde5ab78464034a96165d7a"
  integrity sha512-j/LzfURBS72kQySHaenzO61Mycz0BtzSsA7TDYB6bJ/t/vt4ZdDDzUh4YaqeITZBDZECgQ8xZhMWwjZU1rvUEg==

"work-ui@https://github.com/work-design/work-ui.git":
  version "1.0.0"
  resolved "https://github.com/work-design/work-ui.git#53ed2d149bb14324be3109ed18847d6fcca2dd12"
  dependencies:
    "@fortawesome/fontawesome-free" "^5.9.0"
    jquery "^3.4.1"
